// !$*UTF8*$!
{
	archiveVersion = 1;
	classes = {
	};
	objectVersion = 46;
	objects = {

/* Begin PBXBuildFile section */
		6D68B12119C496A800A245E3 /* main.swift in Sources */ = {isa = PBXBuildFile; fileRef = 6D68B12019C496A800A245E3 /* main.swift */; };
		6D68B12319C496A800A245E3 /* AppDelegate.swift in Sources */ = {isa = PBXBuildFile; fileRef = 6D68B12219C496A800A245E3 /* AppDelegate.swift */; };
		6D68B12519C496A800A245E3 /* Images.xcassets in Resources */ = {isa = PBXBuildFile; fileRef = 6D68B12419C496A800A245E3 /* Images.xcassets */; };
		6D68B12819C496A800A245E3 /* MainMenu.xib in Resources */ = {isa = PBXBuildFile; fileRef = 6D68B12619C496A800A245E3 /* MainMenu.xib */; };
		6D68B13419C496A800A245E3 /* MusicNotifAppTests.swift in Sources */ = {isa = PBXBuildFile; fileRef = 6D68B13319C496A800A245E3 /* MusicNotifAppTests.swift */; };
/* End PBXBuildFile section */

/* Begin PBXContainerItemProxy section */
		6D68B12E19C496A800A245E3 /* PBXContainerItemProxy */ = {
			isa = PBXContainerItemProxy;
			containerPortal = 6D68B11319C496A800A245E3 /* Project object */;
			proxyType = 1;
			remoteGlobalIDString = 6D68B11A19C496A800A245E3;
			remoteInfo = MusicNotifApp;
		};
/* End PBXContainerItemProxy section */

/* Begin PBXFileReference section */
		6D68B11B19C496A800A245E3 /* MusicNotifApp.app */ = {isa = PBXFileReference; explicitFileType = wrapper.application; includeInIndex = 0; path = MusicNotifApp.app; sourceTree = BUILT_PRODUCTS_DIR; };
		6D68B11F19C496A800A245E3 /* Info.plist */ = {isa = PBXFileReference; lastKnownFileType = text.plist.xml; path = Info.plist; sourceTree = "<group>"; };
		6D68B12019C496A800A245E3 /* main.swift */ = {isa = PBXFileReference; lastKnownFileType = sourcecode.swift; path = main.swift; sourceTree = "<group>"; };
		6D68B12219C496A800A245E3 /* AppDelegate.swift */ = {isa = PBXFileReference; lastKnownFileType = sourcecode.swift; path = AppDelegate.swift; sourceTree = "<group>"; };
		6D68B12419C496A800A245E3 /* Images.xcassets */ = {isa = PBXFileReference; lastKnownFileType = folder.assetcatalog; path = Images.xcassets; sourceTree = "<group>"; };
		6D68B12719C496A800A245E3 /* Base */ = {isa = PBXFileReference; lastKnownFileType = file.xib; name = Base; path = Base.lproj/MainMenu.xib; sourceTree = "<group>"; };
		6D68B12D19C496A800A245E3 /* MusicNotifAppTests.xctest */ = {isa = PBXFileReference; explicitFileType = wrapper.cfbundle; includeInIndex = 0; path = MusicNotifAppTests.xctest; sourceTree = BUILT_PRODUCTS_DIR; };
		6D68B13219C496A800A245E3 /* Info.plist */ = {isa = PBXFileReference; lastKnownFileType = text.plist.xml; path = Info.plist; sourceTree = "<group>"; };
		6D68B13319C496A800A245E3 /* MusicNotifAppTests.swift */ = {isa = PBXFileReference; lastKnownFileType = sourcecode.swift; path = MusicNotifAppTests.swift; sourceTree = "<group>"; };
/* End PBXFileReference section */

/* Begin PBXFrameworksBuildPhase section */
		6D68B11819C496A800A245E3 /* Frameworks */ = {
			isa = PBXFrameworksBuildPhase;
			buildActionMask = 2147483647;
			files = (
			);
			runOnlyForDeploymentPostprocessing = 0;
		};
		6D68B12A19C496A800A245E3 /* Frameworks */ = {
			isa = PBXFrameworksBuildPhase;
			buildActionMask = 2147483647;
			files = (
			);
			runOnlyForDeploymentPostprocessing = 0;
		};
/* End PBXFrameworksBuildPhase section */

/* Begin PBXGroup section */
		6D68B11219C496A800A245E3 = {
			isa = PBXGroup;
			children = (
				6D68B11D19C496A800A245E3 /* MusicNotifApp */,
				6D68B13019C496A800A245E3 /* MusicNotifAppTests */,
				6D68B11C19C496A800A245E3 /* Products */,
			);
			sourceTree = "<group>";
		};
		6D68B11C19C496A800A245E3 /* Products */ = {
			isa = PBXGroup;
			children = (
				6D68B11B19C496A800A245E3 /* MusicNotifApp.app */,
				6D68B12D19C496A800A245E3 /* MusicNotifAppTests.xctest */,
			);
			name = Products;
			sourceTree = "<group>";
		};
		6D68B11D19C496A800A245E3 /* MusicNotifApp */ = {
			isa = PBXGroup;
			children = (
				6D68B12219C496A800A245E3 /* AppDelegate.swift */,
				6D68B12419C496A800A245E3 /* Images.xcassets */,
				6D68B12619C496A800A245E3 /* MainMenu.xib */,
				6D68B11E19C496A800A245E3 /* Supporting Files */,
			);
			path = MusicNotifApp;
			sourceTree = "<group>";
		};
		6D68B11E19C496A800A245E3 /* Supporting Files */ = {
			isa = PBXGroup;
			children = (
				6D68B11F19C496A800A245E3 /* Info.plist */,
				6D68B12019C496A800A245E3 /* main.swift */,
			);
			name = "Supporting Files";
			sourceTree = "<group>";
		};
		6D68B13019C496A800A245E3 /* MusicNotifAppTests */ = {
			isa = PBXGroup;
			children = (
				6D68B13319C496A800A245E3 /* MusicNotifAppTests.swift */,
				6D68B13119C496A800A245E3 /* Supporting Files */,
			);
			path = MusicNotifAppTests;
			sourceTree = "<group>";
		};
		6D68B13119C496A800A245E3 /* Supporting Files */ = {
			isa = PBXGroup;
			children = (
				6D68B13219C496A800A245E3 /* Info.plist */,
			);
			name = "Supporting Files";
			sourceTree = "<group>";
		};
/* End PBXGroup section */

/* Begin PBXNativeTarget section */
		6D68B11A19C496A800A245E3 /* MusicNotifApp */ = {
			isa = PBXNativeTarget;
			buildConfigurationList = 6D68B13719C496A800A245E3 /* Build configuration list for PBXNativeTarget "MusicNotifApp" */;
			buildPhases = (
				6D68B11719C496A800A245E3 /* Sources */,
				6D68B11819C496A800A245E3 /* Frameworks */,
				6D68B11919C496A800A245E3 /* Resources */,
			);
			buildRules = (
			);
			dependencies = (
			);
			name = MusicNotifApp;
			productName = MusicNotifApp;
			productReference = 6D68B11B19C496A800A245E3 /* MusicNotifApp.app */;
			productType = "com.apple.product-type.application";
		};
		6D68B12C19C496A800A245E3 /* MusicNotifAppTests */ = {
			isa = PBXNativeTarget;
			buildConfigurationList = 6D68B13A19C496A800A245E3 /* Build configuration list for PBXNativeTarget "MusicNotifAppTests" */;
			buildPhases = (
				6D68B12919C496A800A245E3 /* Sources */,
				6D68B12A19C496A800A245E3 /* Frameworks */,
				6D68B12B19C496A800A245E3 /* Resources */,
			);
			buildRules = (
			);
			dependencies = (
				6D68B12F19C496A800A245E3 /* PBXTargetDependency */,
			);
			name = MusicNotifAppTests;
			productName = MusicNotifAppTests;
			productReference = 6D68B12D19C496A800A245E3 /* MusicNotifAppTests.xctest */;
			productType = "com.apple.product-type.bundle.unit-test";
		};
/* End PBXNativeTarget section */

/* Begin PBXProject section */
		6D68B11319C496A800A245E3 /* Project object */ = {
			isa = PBXProject;
			attributes = {
				LastUpgradeCheck = 0600;
				ORGANIZATIONNAME = "Zaizen Kaegyoshi";
				TargetAttributes = {
					6D68B11A19C496A800A245E3 = {
						CreatedOnToolsVersion = 6.0;
					};
					6D68B12C19C496A800A245E3 = {
						CreatedOnToolsVersion = 6.0;
						TestTargetID = 6D68B11A19C496A800A245E3;
					};
				};
			};
			buildConfigurationList = 6D68B11619C496A800A245E3 /* Build configuration list for PBXProject "MusicNotifApp" */;
			compatibilityVersion = "Xcode 3.2";
			developmentRegion = English;
			hasScannedForEncodings = 0;
			knownRegions = (
				en,
				Base,
			);
			mainGroup = 6D68B11219C496A800A245E3;
			productRefGroup = 6D68B11C19C496A800A245E3 /* Products */;
			projectDirPath = "";
			projectRoot = "";
			targets = (
				6D68B11A19C496A800A245E3 /* MusicNotifApp */,
				6D68B12C19C496A800A245E3 /* MusicNotifAppTests */,
			);
		};
/* End PBXProject section */

/* Begin PBXResourcesBuildPhase section */
		6D68B11919C496A800A245E3 /* Resources */ = {
			isa = PBXResourcesBuildPhase;
			buildActionMask = 2147483647;
			files = (
				6D68B12519C496A800A245E3 /* Images.xcassets in Resources */,
				6D68B12819C496A800A245E3 /* MainMenu.xib in Resources */,
			);
			runOnlyForDeploymentPostprocessing = 0;
		};
		6D68B12B19C496A800A245E3 /* Resources */ = {
			isa = PBXResourcesBuildPhase;
			buildActionMask = 2147483647;
			files = (
			);
			runOnlyForDeploymentPostprocessing = 0;
		};
/* End PBXResourcesBuildPhase section */

/* Begin PBXSourcesBuildPhase section */
		6D68B11719C496A800A245E3 /* Sources */ = {
			isa = PBXSourcesBuildPhase;
			buildActionMask = 2147483647;
			files = (
				6D68B12319C496A800A245E3 /* AppDelegate.swift in Sources */,
				6D68B12119C496A800A245E3 /* main.swift in Sources */,
			);
			runOnlyForDeploymentPostprocessing = 0;
		};
		6D68B12919C496A800A245E3 /* Sources */ = {
			isa = PBXSourcesBuildPhase;
			buildActionMask = 2147483647;
			files = (
				6D68B13419C496A800A245E3 /* MusicNotifAppTests.swift in Sources */,
			);
			runOnlyForDeploymentPostprocessing = 0;
		};
/* End PBXSourcesBuildPhase section */

/* Begin PBXTargetDependency section */
		6D68B12F19C496A800A245E3 /* PBXTargetDependency */ = {
			isa = PBXTargetDependency;
			target = 6D68B11A19C496A800A245E3 /* MusicNotifApp */;
			targetProxy = 6D68B12E19C496A800A245E3 /* PBXContainerItemProxy */;
		};
/* End PBXTargetDependency section */

/* Begin PBXVariantGroup section */
		6D68B12619C496A800A245E3 /* MainMenu.xib */ = {
			isa = PBXVariantGroup;
			children = (
				6D68B12719C496A800A245E3 /* Base */,
			);
			name = MainMenu.xib;
			sourceTree = "<group>";
		};
/* End PBXVariantGroup section */

/* Begin XCBuildConfiguration section */
		6D68B13519C496A800A245E3 /* Debug */ = {
			isa = XCBuildConfiguration;
			buildSettings = {
				ALWAYS_SEARCH_USER_PATHS = NO;
				CLANG_CXX_LANGUAGE_STANDARD = "gnu++0x";
				CLANG_CXX_LIBRARY = "libc++";
				CLANG_ENABLE_MODULES = YES;
				CLANG_ENABLE_OBJC_ARC = YES;
				CLANG_WARN_BOOL_CONVERSION = YES;
				CLANG_WARN_CONSTANT_CONVERSION = YES;
				CLANG_WARN_DIRECT_OBJC_ISA_USAGE = YES_ERROR;
				CLANG_WARN_EMPTY_BODY = YES;
				CLANG_WARN_ENUM_CONVERSION = YES;
				CLANG_WARN_INT_CONVERSION = YES;
				CLANG_WARN_OBJC_ROOT_CLASS = YES_ERROR;
				CLANG_WARN_UNREACHABLE_CODE = YES;
				CLANG_WARN__DUPLICATE_METHOD_MATCH = YES;
				CODE_SIGN_IDENTITY = "-";
				COPY_PHASE_STRIP = NO;
				ENABLE_STRICT_OBJC_MSGSEND = YES;
				GCC_C_LANGUAGE_STANDARD = gnu99;
				GCC_DYNAMIC_NO_PIC = NO;
				GCC_OPTIMIZATION_LEVEL = 0;
				GCC_PREPROCESSOR_DEFINITIONS = (
					"DEBUG=1",
					"$(inherited)",
				);
				GCC_SYMBOLS_PRIVATE_EXTERN = NO;
				GCC_WARN_64_TO_32_BIT_CONVERSION = YES;
				GCC_WARN_ABOUT_RETURN_TYPE = YES_ERROR;
				GCC_WARN_UNDECLARED_SELECTOR = YES;
				GCC_WARN_UNINITIALIZED_AUTOS = YES_AGGRESSIVE;
				GCC_WARN_UNUSED_FUNCTION = YES;
				GCC_WARN_UNUSED_VARIABLE = YES;
				MACOSX_DEPLOYMENT_TARGET = 10.10;
				MTL_ENABLE_DEBUG_INFO = YES;
				ONLY_ACTIVE_ARCH = YES;
				SDKROOT = macosx;
				SWIFT_OPTIMIZATION_LEVEL = "-Onone";
			};
			name = Debug;
		};
		6D68B13619C496A800A245E3 /* Release */ = {
			isa = XCBuildConfiguration;
			buildSettings = {
				ALWAYS_SEARCH_USER_PATHS = NO;
				CLANG_CXX_LANGUAGE_STANDARD = "gnu++0x";
				CLANG_CXX_LIBRARY = "libc++";
				CLANG_ENABLE_MODULES = YES;
				CLANG_ENABLE_OBJC_ARC = YES;
				CLANG_WARN_BOOL_CONVERSION = YES;
				CLANG_WARN_CONSTANT_CONVERSION = YES;
				CLANG_WARN_DIRECT_OBJC_ISA_USAGE = YES_ERROR;
				CLANG_WARN_EMPTY_BODY = YES;
				CLANG_WARN_ENUM_CONVERSION = YES;
				CLANG_WARN_INT_CONVERSION = YES;
				CLANG_WARN_OBJC_ROOT_CLASS = YES_ERROR;
				CLANG_WARN_UNREACHABLE_CODE = YES;
				CLANG_WARN__DUPLICATE_METHOD_MATCH = YES;
				CODE_SIGN_IDENTITY = "-";
				COPY_PHASE_STRIP = YES;
				DEBUG_INFORMATION_FORMAT = "dwarf-with-dsym";
				ENABLE_NS_ASSERTIONS = NO;
				ENABLE_STRICT_OBJC_MSGSEND = YES;
				GCC_C_LANGUAGE_STANDARD = gnu99;
				GCC_WARN_64_TO_32_BIT_CONVERSION = YES;
				GCC_WARN_ABOUT_RETURN_TYPE = YES_ERROR;
				GCC_WARN_UNDECLARED_SELECTOR = YES;
				GCC_WARN_UNINITIALIZED_AUTOS = YES_AGGRESSIVE;
				GCC_WARN_UNUSED_FUNCTION = YES;
				GCC_WARN_UNUSED_VARIABLE = YES;
				MACOSX_DEPLOYMENT_TARGET = 10.10;
				MTL_ENABLE_DEBUG_INFO = NO;
				SDKROOT = macosx;
			};
			name = Release;
		};
		6D68B13819C496A800A245E3 /* Debug */ = {
			isa = XCBuildConfiguration;
			buildSettings = {
				ASSETCATALOG_COMPILER_APPICON_NAME = AppIcon;
				COMBINE_HIDPI_IMAGES = YES;
				INFOPLIST_FILE = MusicNotifApp/Info.plist;
				LD_RUNPATH_SEARCH_PATHS = "$(inherited) @executable_path/../Frameworks";
				PRODUCT_NAME = "$(TARGET_NAME)";
			};
			name = Debug;
		};
		6D68B13919C496A800A245E3 /* Release */ = {
			isa = XCBuildConfiguration;
			buildSettings = {
				ASSETCATALOG_COMPILER_APPICON_NAME = AppIcon;
				COMBINE_HIDPI_IMAGES = YES;
				INFOPLIST_FILE = MusicNotifApp/Info.plist;
				LD_RUNPATH_SEARCH_PATHS = "$(inherited) @executable_path/../Frameworks";
				PRODUCT_NAME = "$(TARGET_NAME)";
			};
			name = Release;
		};
		6D68B13B19C496A800A245E3 /* Debug */ = {
			isa = XCBuildConfiguration;
			buildSettings = {
				BUNDLE_LOADER = "$(TEST_HOST)";
				COMBINE_HIDPI_IMAGES = YES;
				FRAMEWORK_SEARCH_PATHS = (
					"$(DEVELOPER_FRAMEWORKS_DIR)",
					"$(inherited)",
				);
				GCC_PREPROCESSOR_DEFINITIONS = (
					"DEBUG=1",
					"$(inherited)",
				);
				INFOPLIST_FILE = MusicNotifAppTests/Info.plist;
				LD_RUNPATH_SEARCH_PATHS = "$(inherited) @executable_path/../Frameworks @loader_path/../Frameworks";
				PRODUCT_NAME = "$(TARGET_NAME)";
				TEST_HOST = "$(BUILT_PRODUCTS_DIR)/MusicNotifApp.app/Contents/MacOS/MusicNotifApp";
			};
			name = Debug;
		};
		6D68B13C19C496A800A245E3 /* Release */ = {
			isa = XCBuildConfiguration;
			buildSettings = {
				BUNDLE_LOADER = "$(TEST_HOST)";
				COMBINE_HIDPI_IMAGES = YES;
				FRAMEWORK_SEARCH_PATHS = (
					"$(DEVELOPER_FRAMEWORKS_DIR)",
					"$(inherited)",
				);
				INFOPLIST_FILE = MusicNotifAppTests/Info.plist;
				LD_RUNPATH_SEARCH_PATHS = "$(inherited) @executable_path/../Frameworks @loader_path/../Frameworks";
				PRODUCT_NAME = "$(TARGET_NAME)";
				TEST_HOST = "$(BUILT_PRODUCTS_DIR)/MusicNotifApp.app/Contents/MacOS/MusicNotifApp";
			};
			name = Release;
		};
/* End XCBuildConfiguration section */

/* Begin XCConfigurationList section */
		6D68B11619C496A800A245E3 /* Build configuration list for PBXProject "MusicNotifApp" */ = {
			isa = XCConfigurationList;
			buildConfigurations = (
				6D68B13519C496A800A245E3 /* Debug */,
				6D68B13619C496A800A245E3 /* Release */,
			);
			defaultConfigurationIsVisible = 0;
			defaultConfigurationName = Release;
		};
		6D68B13719C496A800A245E3 /* Build configuration list for PBXNativeTarget "MusicNotifApp" */ = {
			isa = XCConfigurationList;
			buildConfigurations = (
				6D68B13819C496A800A245E3 /* Debug */,
				6D68B13919C496A800A245E3 /* Release */,
			);
			defaultConfigurationIsVisible = 0;
		};
		6D68B13A19C496A800A245E3 /* Build configuration list for PBXNativeTarget "MusicNotifAppTests" */ = {
			isa = XCConfigurationList;
			buildConfigurations = (
				6D68B13B19C496A800A245E3 /* Debug */,
				6D68B13C19C496A800A245E3 /* Release */,
			);
			defaultConfigurationIsVisible = 0;
		};
/* End XCConfigurationList section */
	};
	rootObject = 6D68B11319C496A800A245E3 /* Project object */;
}
